
Microsoft Visual Studio Solution File, Format Version 12.00
# Visual Studio Version 18
VisualStudioVersion = 18.0.11222.15
MinimumVisualStudioVersion = 10.0.40219.1
Project("{2150E333-8FDC-42A3-9474-1A3956D46DE8}") = "lib", "lib", "{25EA463A-93D0-428E-8C86-838779199B9C}"
EndProject
Project("{9A19103F-16F7-4668-BE54-9A1E7A4F7556}") = "YANLib", "lib\YANLib\YANLib.csproj", "{8B38E857-59CA-446E-8E46-EAD98567E96E}"
EndProject
Project("{2150E333-8FDC-42A3-9474-1A3956D46DE8}") = "console", "console", "{8C44E9D9-768E-4EB5-B305-40061382363E}"
EndProject
Project("{9A19103F-16F7-4668-BE54-9A1E7A4F7556}") = "YANLib.Benchmarks", "console\YANLib.Benchmarks\YANLib.Benchmarks.csproj", "{241584E4-5815-4627-AE1D-D638644D4FDF}"
EndProject
Project("{2150E333-8FDC-42A3-9474-1A3956D46DE8}") = "test", "test", "{495944F0-A2C2-4CD9-8462-E84C3BD041B4}"
EndProject
Project("{9A19103F-16F7-4668-BE54-9A1E7A4F7556}") = "YANLib.Tests", "test\YANLib.Tests\YANLib.Tests.csproj", "{0EF83C10-07A9-476D-B922-ECBC689F0972}"
EndProject
Project("{FAE04EC0-301F-11D3-BF4B-00C04F79EFBC}") = "YANLib.Implementation", "lib\YANLib.Implementation\YANLib.Implementation.csproj", "{B17B57D2-C65A-49F7-AB97-CAAA332DE590}"
EndProject
Global
	GlobalSection(SolutionConfigurationPlatforms) = preSolution
		Debug|Any CPU = Debug|Any CPU
		Release|Any CPU = Release|Any CPU
	EndGlobalSection
	GlobalSection(ProjectConfigurationPlatforms) = postSolution
		{8B38E857-59CA-446E-8E46-EAD98567E96E}.Debug|Any CPU.ActiveCfg = Debug|Any CPU
		{8B38E857-59CA-446E-8E46-EAD98567E96E}.Debug|Any CPU.Build.0 = Debug|Any CPU
		{8B38E857-59CA-446E-8E46-EAD98567E96E}.Release|Any CPU.ActiveCfg = Release|Any CPU
		{8B38E857-59CA-446E-8E46-EAD98567E96E}.Release|Any CPU.Build.0 = Release|Any CPU
		{241584E4-5815-4627-AE1D-D638644D4FDF}.Debug|Any CPU.ActiveCfg = Debug|Any CPU
		{241584E4-5815-4627-AE1D-D638644D4FDF}.Debug|Any CPU.Build.0 = Debug|Any CPU
		{241584E4-5815-4627-AE1D-D638644D4FDF}.Release|Any CPU.ActiveCfg = Release|Any CPU
		{241584E4-5815-4627-AE1D-D638644D4FDF}.Release|Any CPU.Build.0 = Release|Any CPU
		{0EF83C10-07A9-476D-B922-ECBC689F0972}.Debug|Any CPU.ActiveCfg = Debug|Any CPU
		{0EF83C10-07A9-476D-B922-ECBC689F0972}.Debug|Any CPU.Build.0 = Debug|Any CPU
		{0EF83C10-07A9-476D-B922-ECBC689F0972}.Release|Any CPU.ActiveCfg = Release|Any CPU
		{0EF83C10-07A9-476D-B922-ECBC689F0972}.Release|Any CPU.Build.0 = Release|Any CPU
		{B17B57D2-C65A-49F7-AB97-CAAA332DE590}.Debug|Any CPU.ActiveCfg = Debug|Any CPU
		{B17B57D2-C65A-49F7-AB97-CAAA332DE590}.Debug|Any CPU.Build.0 = Debug|Any CPU
		{B17B57D2-C65A-49F7-AB97-CAAA332DE590}.Release|Any CPU.ActiveCfg = Release|Any CPU
		{B17B57D2-C65A-49F7-AB97-CAAA332DE590}.Release|Any CPU.Build.0 = Release|Any CPU
	EndGlobalSection
	GlobalSection(SolutionProperties) = preSolution
		HideSolutionNode = FALSE
	EndGlobalSection
	GlobalSection(NestedProjects) = preSolution
		{8B38E857-59CA-446E-8E46-EAD98567E96E} = {25EA463A-93D0-428E-8C86-838779199B9C}
		{241584E4-5815-4627-AE1D-D638644D4FDF} = {8C44E9D9-768E-4EB5-B305-40061382363E}
		{0EF83C10-07A9-476D-B922-ECBC689F0972} = {495944F0-A2C2-4CD9-8462-E84C3BD041B4}
		{B17B57D2-C65A-49F7-AB97-CAAA332DE590} = {25EA463A-93D0-428E-8C86-838779199B9C}
	EndGlobalSection
	GlobalSection(ExtensibilityGlobals) = postSolution
		SolutionGuid = {28315BFD-90E7-4E14-A2EA-F3D23AF4126F}
	EndGlobalSection
EndGlobal
