
Microsoft Visual Studio Solution File, Format Version 12.00
# Visual Studio Version 17
VisualStudioVersion = 17.5.33516.290
MinimumVisualStudioVersion = 10.0.40219.1
Project("{9A19103F-16F7-4668-BE54-9A1E7A4F7556}") = "YANLib.Domain", "src\YANLib.Domain\YANLib.Domain.csproj", "{554AD327-6DBA-4F8F-96F8-81CE7A0C863F}"
EndProject
Project("{9A19103F-16F7-4668-BE54-9A1E7A4F7556}") = "YANLib.Application", "src\YANLib.Application\YANLib.Application.csproj", "{1A94A50E-06DC-43C1-80B5-B662820EC3EB}"
EndProject
Project("{9A19103F-16F7-4668-BE54-9A1E7A4F7556}") = "YANLib.EntityFrameworkCore", "src\YANLib.EntityFrameworkCore\YANLib.EntityFrameworkCore.csproj", "{C956DD76-69C8-4A9C-83EA-D17DF83340FD}"
EndProject
Project("{2150E333-8FDC-42A3-9474-1A3956D46DE8}") = "src", "src", "{CA9AC87F-097E-4F15-8393-4BC07735A5B0}"
EndProject
Project("{9A19103F-16F7-4668-BE54-9A1E7A4F7556}") = "YANLib.Domain.Shared", "src\YANLib.Domain.Shared\YANLib.Domain.Shared.csproj", "{42F719ED-8413-4895-B5B4-5AB56079BC66}"
EndProject
Project("{9A19103F-16F7-4668-BE54-9A1E7A4F7556}") = "YANLib.Application.Contracts", "src\YANLib.Application.Contracts\YANLib.Application.Contracts.csproj", "{520659C8-C734-4298-A3DA-B539DB9DFC0B}"
EndProject
Project("{9A19103F-16F7-4668-BE54-9A1E7A4F7556}") = "YANLib.HttpApi", "src\YANLib.HttpApi\YANLib.HttpApi.csproj", "{4164BDF7-F527-4E85-9CE6-E3C2D7426A27}"
EndProject
Project("{9A19103F-16F7-4668-BE54-9A1E7A4F7556}") = "YANLib.HttpApi.Client", "src\YANLib.HttpApi.Client\YANLib.HttpApi.Client.csproj", "{3B5A0094-670D-4BB1-BFDD-61B88A8773DC}"
EndProject
Project("{2150E333-8FDC-42A3-9474-1A3956D46DE8}") = "host", "host", "{A557D922-FC5A-424D-BC90-42CD293DB79C}"
EndProject
Project("{9A19103F-16F7-4668-BE54-9A1E7A4F7556}") = "YANLib.HttpApi.Host", "host\YANLib.HttpApi.Host\YANLib.HttpApi.Host.csproj", "{B88561D6-02A4-4138-AE16-161B80F32206}"
EndProject
Project("{2150E333-8FDC-42A3-9474-1A3956D46DE8}") = "lib", "lib", "{25EA463A-93D0-428E-8C86-838779199B9C}"
EndProject
Project("{9A19103F-16F7-4668-BE54-9A1E7A4F7556}") = "YANLib", "lib\YANLib\YANLib.csproj", "{8B38E857-59CA-446E-8E46-EAD98567E96E}"
EndProject
Project("{E53339B2-1760-4266-BCC7-CA923CBCF16C}") = "docker-compose", "docker-compose.dcproj", "{696811A9-FD68-4538-85AD-07BB9C30CFCA}"
EndProject
Project("{9A19103F-16F7-4668-BE54-9A1E7A4F7556}") = "YANLib.Application.Redis", "src\YANLib.Application.Redis\YANLib.Application.Redis.csproj", "{2B031F5C-93EC-4222-93F4-4505B29CAB81}"
EndProject
Project("{9A19103F-16F7-4668-BE54-9A1E7A4F7556}") = "YANLib.MongoDB", "src\YANLib.MongoDB\YANLib.MongoDB.csproj", "{DE74000F-A442-4A12-990F-C806C75BCA62}"
EndProject
Project("{2150E333-8FDC-42A3-9474-1A3956D46DE8}") = "console", "console", "{8C44E9D9-768E-4EB5-B305-40061382363E}"
EndProject
Project("{9A19103F-16F7-4668-BE54-9A1E7A4F7556}") = "YANLib.Benchmarks", "console\YANLib.Benchmarks\YANLib.Benchmarks.csproj", "{241584E4-5815-4627-AE1D-D638644D4FDF}"
EndProject
Project("{2150E333-8FDC-42A3-9474-1A3956D46DE8}") = "test", "test", "{495944F0-A2C2-4CD9-8462-E84C3BD041B4}"
EndProject
Project("{9A19103F-16F7-4668-BE54-9A1E7A4F7556}") = "YANLib.Application.Tests", "test\YANLib.Application.Tests\YANLib.Application.Tests.csproj", "{282E56D8-F940-40F9-B1DA-C9323974701D}"
EndProject
Project("{9A19103F-16F7-4668-BE54-9A1E7A4F7556}") = "YANLib.Domain.Tests", "test\YANLib.Domain.Tests\YANLib.Domain.Tests.csproj", "{A2B1DBAD-A5A6-46D5-83E7-1E1E3038A9B1}"
EndProject
Project("{9A19103F-16F7-4668-BE54-9A1E7A4F7556}") = "YANLib.EntityFrameworkCore.Tests", "test\YANLib.EntityFrameworkCore.Tests\YANLib.EntityFrameworkCore.Tests.csproj", "{D1797A7A-B331-4E99-B8E2-19549D7F8DDC}"
EndProject
Project("{9A19103F-16F7-4668-BE54-9A1E7A4F7556}") = "YANLib.HttpApi.Client.ConsoleTestApp", "test\YANLib.HttpApi.Client.ConsoleTestApp\YANLib.HttpApi.Client.ConsoleTestApp.csproj", "{96C8E0D7-13D2-4E2D-A6FD-AD6FA7514C23}"
EndProject
Project("{9A19103F-16F7-4668-BE54-9A1E7A4F7556}") = "YANLib.TestBase", "test\YANLib.TestBase\YANLib.TestBase.csproj", "{6B7D3C08-1F68-453F-B11B-BACE871533F6}"
EndProject
Project("{9A19103F-16F7-4668-BE54-9A1E7A4F7556}") = "YANLib.Blazor", "host\YANLib.Blazor\YANLib.Blazor.csproj", "{FE3C9776-ACEA-45CF-8CF2-D395C20897B0}"
EndProject
Project("{9A19103F-16F7-4668-BE54-9A1E7A4F7556}") = "YANLib.Blazor.Client", "host\YANLib.Blazor.Client\YANLib.Blazor.Client.csproj", "{6B2C8A73-D8ED-46E5-A14C-3276B84599FB}"
EndProject
Project("{9A19103F-16F7-4668-BE54-9A1E7A4F7556}") = "YANLib.ServiceDefaults", "src\YANLib.ServiceDefaults\YANLib.ServiceDefaults.csproj", "{7833D720-1851-4249-9401-60C35AEF6D7C}"
EndProject
Project("{9A19103F-16F7-4668-BE54-9A1E7A4F7556}") = "YANLib.AppHost", "host\YANLib.AppHost\YANLib.AppHost.csproj", "{61FED06D-F59A-43DF-A281-359CC40B4B66}"
EndProject
Project("{9A19103F-16F7-4668-BE54-9A1E7A4F7556}") = "YANLib.Tests", "test\YANLib.Tests\YANLib.Tests.csproj", "{0EF83C10-07A9-476D-B922-ECBC689F0972}"
EndProject
Global
	GlobalSection(SolutionConfigurationPlatforms) = preSolution
		Debug|Any CPU = Debug|Any CPU
		Release|Any CPU = Release|Any CPU
	EndGlobalSection
	GlobalSection(ProjectConfigurationPlatforms) = postSolution
		{554AD327-6DBA-4F8F-96F8-81CE7A0C863F}.Debug|Any CPU.ActiveCfg = Debug|Any CPU
		{554AD327-6DBA-4F8F-96F8-81CE7A0C863F}.Debug|Any CPU.Build.0 = Debug|Any CPU
		{554AD327-6DBA-4F8F-96F8-81CE7A0C863F}.Release|Any CPU.ActiveCfg = Release|Any CPU
		{554AD327-6DBA-4F8F-96F8-81CE7A0C863F}.Release|Any CPU.Build.0 = Release|Any CPU
		{1A94A50E-06DC-43C1-80B5-B662820EC3EB}.Debug|Any CPU.ActiveCfg = Debug|Any CPU
		{1A94A50E-06DC-43C1-80B5-B662820EC3EB}.Debug|Any CPU.Build.0 = Debug|Any CPU
		{1A94A50E-06DC-43C1-80B5-B662820EC3EB}.Release|Any CPU.ActiveCfg = Release|Any CPU
		{1A94A50E-06DC-43C1-80B5-B662820EC3EB}.Release|Any CPU.Build.0 = Release|Any CPU
		{C956DD76-69C8-4A9C-83EA-D17DF83340FD}.Debug|Any CPU.ActiveCfg = Debug|Any CPU
		{C956DD76-69C8-4A9C-83EA-D17DF83340FD}.Debug|Any CPU.Build.0 = Debug|Any CPU
		{C956DD76-69C8-4A9C-83EA-D17DF83340FD}.Release|Any CPU.ActiveCfg = Release|Any CPU
		{C956DD76-69C8-4A9C-83EA-D17DF83340FD}.Release|Any CPU.Build.0 = Release|Any CPU
		{42F719ED-8413-4895-B5B4-5AB56079BC66}.Debug|Any CPU.ActiveCfg = Debug|Any CPU
		{42F719ED-8413-4895-B5B4-5AB56079BC66}.Debug|Any CPU.Build.0 = Debug|Any CPU
		{42F719ED-8413-4895-B5B4-5AB56079BC66}.Release|Any CPU.ActiveCfg = Release|Any CPU
		{42F719ED-8413-4895-B5B4-5AB56079BC66}.Release|Any CPU.Build.0 = Release|Any CPU
		{520659C8-C734-4298-A3DA-B539DB9DFC0B}.Debug|Any CPU.ActiveCfg = Debug|Any CPU
		{520659C8-C734-4298-A3DA-B539DB9DFC0B}.Debug|Any CPU.Build.0 = Debug|Any CPU
		{520659C8-C734-4298-A3DA-B539DB9DFC0B}.Release|Any CPU.ActiveCfg = Release|Any CPU
		{520659C8-C734-4298-A3DA-B539DB9DFC0B}.Release|Any CPU.Build.0 = Release|Any CPU
		{4164BDF7-F527-4E85-9CE6-E3C2D7426A27}.Debug|Any CPU.ActiveCfg = Debug|Any CPU
		{4164BDF7-F527-4E85-9CE6-E3C2D7426A27}.Debug|Any CPU.Build.0 = Debug|Any CPU
		{4164BDF7-F527-4E85-9CE6-E3C2D7426A27}.Release|Any CPU.ActiveCfg = Release|Any CPU
		{4164BDF7-F527-4E85-9CE6-E3C2D7426A27}.Release|Any CPU.Build.0 = Release|Any CPU
		{3B5A0094-670D-4BB1-BFDD-61B88A8773DC}.Debug|Any CPU.ActiveCfg = Debug|Any CPU
		{3B5A0094-670D-4BB1-BFDD-61B88A8773DC}.Debug|Any CPU.Build.0 = Debug|Any CPU
		{3B5A0094-670D-4BB1-BFDD-61B88A8773DC}.Release|Any CPU.ActiveCfg = Release|Any CPU
		{3B5A0094-670D-4BB1-BFDD-61B88A8773DC}.Release|Any CPU.Build.0 = Release|Any CPU
		{B88561D6-02A4-4138-AE16-161B80F32206}.Debug|Any CPU.ActiveCfg = Debug|Any CPU
		{B88561D6-02A4-4138-AE16-161B80F32206}.Debug|Any CPU.Build.0 = Debug|Any CPU
		{B88561D6-02A4-4138-AE16-161B80F32206}.Release|Any CPU.ActiveCfg = Release|Any CPU
		{B88561D6-02A4-4138-AE16-161B80F32206}.Release|Any CPU.Build.0 = Release|Any CPU
		{8B38E857-59CA-446E-8E46-EAD98567E96E}.Debug|Any CPU.ActiveCfg = Debug|Any CPU
		{8B38E857-59CA-446E-8E46-EAD98567E96E}.Debug|Any CPU.Build.0 = Debug|Any CPU
		{8B38E857-59CA-446E-8E46-EAD98567E96E}.Release|Any CPU.ActiveCfg = Release|Any CPU
		{8B38E857-59CA-446E-8E46-EAD98567E96E}.Release|Any CPU.Build.0 = Release|Any CPU
		{696811A9-FD68-4538-85AD-07BB9C30CFCA}.Debug|Any CPU.ActiveCfg = Debug|Any CPU
		{696811A9-FD68-4538-85AD-07BB9C30CFCA}.Debug|Any CPU.Build.0 = Debug|Any CPU
		{696811A9-FD68-4538-85AD-07BB9C30CFCA}.Release|Any CPU.ActiveCfg = Release|Any CPU
		{696811A9-FD68-4538-85AD-07BB9C30CFCA}.Release|Any CPU.Build.0 = Release|Any CPU
		{2B031F5C-93EC-4222-93F4-4505B29CAB81}.Debug|Any CPU.ActiveCfg = Debug|Any CPU
		{2B031F5C-93EC-4222-93F4-4505B29CAB81}.Debug|Any CPU.Build.0 = Debug|Any CPU
		{2B031F5C-93EC-4222-93F4-4505B29CAB81}.Release|Any CPU.ActiveCfg = Release|Any CPU
		{2B031F5C-93EC-4222-93F4-4505B29CAB81}.Release|Any CPU.Build.0 = Release|Any CPU
		{DE74000F-A442-4A12-990F-C806C75BCA62}.Debug|Any CPU.ActiveCfg = Debug|Any CPU
		{DE74000F-A442-4A12-990F-C806C75BCA62}.Debug|Any CPU.Build.0 = Debug|Any CPU
		{DE74000F-A442-4A12-990F-C806C75BCA62}.Release|Any CPU.ActiveCfg = Release|Any CPU
		{DE74000F-A442-4A12-990F-C806C75BCA62}.Release|Any CPU.Build.0 = Release|Any CPU
		{241584E4-5815-4627-AE1D-D638644D4FDF}.Debug|Any CPU.ActiveCfg = Debug|Any CPU
		{241584E4-5815-4627-AE1D-D638644D4FDF}.Debug|Any CPU.Build.0 = Debug|Any CPU
		{241584E4-5815-4627-AE1D-D638644D4FDF}.Release|Any CPU.ActiveCfg = Release|Any CPU
		{241584E4-5815-4627-AE1D-D638644D4FDF}.Release|Any CPU.Build.0 = Release|Any CPU
		{282E56D8-F940-40F9-B1DA-C9323974701D}.Debug|Any CPU.ActiveCfg = Debug|Any CPU
		{282E56D8-F940-40F9-B1DA-C9323974701D}.Debug|Any CPU.Build.0 = Debug|Any CPU
		{282E56D8-F940-40F9-B1DA-C9323974701D}.Release|Any CPU.ActiveCfg = Release|Any CPU
		{282E56D8-F940-40F9-B1DA-C9323974701D}.Release|Any CPU.Build.0 = Release|Any CPU
		{A2B1DBAD-A5A6-46D5-83E7-1E1E3038A9B1}.Debug|Any CPU.ActiveCfg = Debug|Any CPU
		{A2B1DBAD-A5A6-46D5-83E7-1E1E3038A9B1}.Debug|Any CPU.Build.0 = Debug|Any CPU
		{A2B1DBAD-A5A6-46D5-83E7-1E1E3038A9B1}.Release|Any CPU.ActiveCfg = Release|Any CPU
		{A2B1DBAD-A5A6-46D5-83E7-1E1E3038A9B1}.Release|Any CPU.Build.0 = Release|Any CPU
		{D1797A7A-B331-4E99-B8E2-19549D7F8DDC}.Debug|Any CPU.ActiveCfg = Debug|Any CPU
		{D1797A7A-B331-4E99-B8E2-19549D7F8DDC}.Debug|Any CPU.Build.0 = Debug|Any CPU
		{D1797A7A-B331-4E99-B8E2-19549D7F8DDC}.Release|Any CPU.ActiveCfg = Release|Any CPU
		{D1797A7A-B331-4E99-B8E2-19549D7F8DDC}.Release|Any CPU.Build.0 = Release|Any CPU
		{96C8E0D7-13D2-4E2D-A6FD-AD6FA7514C23}.Debug|Any CPU.ActiveCfg = Debug|Any CPU
		{96C8E0D7-13D2-4E2D-A6FD-AD6FA7514C23}.Debug|Any CPU.Build.0 = Debug|Any CPU
		{96C8E0D7-13D2-4E2D-A6FD-AD6FA7514C23}.Release|Any CPU.ActiveCfg = Release|Any CPU
		{96C8E0D7-13D2-4E2D-A6FD-AD6FA7514C23}.Release|Any CPU.Build.0 = Release|Any CPU
		{6B7D3C08-1F68-453F-B11B-BACE871533F6}.Debug|Any CPU.ActiveCfg = Debug|Any CPU
		{6B7D3C08-1F68-453F-B11B-BACE871533F6}.Debug|Any CPU.Build.0 = Debug|Any CPU
		{6B7D3C08-1F68-453F-B11B-BACE871533F6}.Release|Any CPU.ActiveCfg = Release|Any CPU
		{6B7D3C08-1F68-453F-B11B-BACE871533F6}.Release|Any CPU.Build.0 = Release|Any CPU
		{FE3C9776-ACEA-45CF-8CF2-D395C20897B0}.Debug|Any CPU.ActiveCfg = Debug|Any CPU
		{FE3C9776-ACEA-45CF-8CF2-D395C20897B0}.Debug|Any CPU.Build.0 = Debug|Any CPU
		{FE3C9776-ACEA-45CF-8CF2-D395C20897B0}.Release|Any CPU.ActiveCfg = Release|Any CPU
		{FE3C9776-ACEA-45CF-8CF2-D395C20897B0}.Release|Any CPU.Build.0 = Release|Any CPU
		{6B2C8A73-D8ED-46E5-A14C-3276B84599FB}.Debug|Any CPU.ActiveCfg = Debug|Any CPU
		{6B2C8A73-D8ED-46E5-A14C-3276B84599FB}.Debug|Any CPU.Build.0 = Debug|Any CPU
		{6B2C8A73-D8ED-46E5-A14C-3276B84599FB}.Release|Any CPU.ActiveCfg = Release|Any CPU
		{6B2C8A73-D8ED-46E5-A14C-3276B84599FB}.Release|Any CPU.Build.0 = Release|Any CPU
		{7833D720-1851-4249-9401-60C35AEF6D7C}.Debug|Any CPU.ActiveCfg = Debug|Any CPU
		{7833D720-1851-4249-9401-60C35AEF6D7C}.Debug|Any CPU.Build.0 = Debug|Any CPU
		{7833D720-1851-4249-9401-60C35AEF6D7C}.Release|Any CPU.ActiveCfg = Release|Any CPU
		{7833D720-1851-4249-9401-60C35AEF6D7C}.Release|Any CPU.Build.0 = Release|Any CPU
		{61FED06D-F59A-43DF-A281-359CC40B4B66}.Debug|Any CPU.ActiveCfg = Debug|Any CPU
		{61FED06D-F59A-43DF-A281-359CC40B4B66}.Debug|Any CPU.Build.0 = Debug|Any CPU
		{61FED06D-F59A-43DF-A281-359CC40B4B66}.Release|Any CPU.ActiveCfg = Release|Any CPU
		{61FED06D-F59A-43DF-A281-359CC40B4B66}.Release|Any CPU.Build.0 = Release|Any CPU
		{0EF83C10-07A9-476D-B922-ECBC689F0972}.Debug|Any CPU.ActiveCfg = Debug|Any CPU
		{0EF83C10-07A9-476D-B922-ECBC689F0972}.Debug|Any CPU.Build.0 = Debug|Any CPU
		{0EF83C10-07A9-476D-B922-ECBC689F0972}.Release|Any CPU.ActiveCfg = Release|Any CPU
		{0EF83C10-07A9-476D-B922-ECBC689F0972}.Release|Any CPU.Build.0 = Release|Any CPU
	EndGlobalSection
	GlobalSection(SolutionProperties) = preSolution
		HideSolutionNode = FALSE
	EndGlobalSection
	GlobalSection(NestedProjects) = preSolution
		{554AD327-6DBA-4F8F-96F8-81CE7A0C863F} = {CA9AC87F-097E-4F15-8393-4BC07735A5B0}
		{1A94A50E-06DC-43C1-80B5-B662820EC3EB} = {CA9AC87F-097E-4F15-8393-4BC07735A5B0}
		{C956DD76-69C8-4A9C-83EA-D17DF83340FD} = {CA9AC87F-097E-4F15-8393-4BC07735A5B0}
		{42F719ED-8413-4895-B5B4-5AB56079BC66} = {CA9AC87F-097E-4F15-8393-4BC07735A5B0}
		{520659C8-C734-4298-A3DA-B539DB9DFC0B} = {CA9AC87F-097E-4F15-8393-4BC07735A5B0}
		{4164BDF7-F527-4E85-9CE6-E3C2D7426A27} = {CA9AC87F-097E-4F15-8393-4BC07735A5B0}
		{3B5A0094-670D-4BB1-BFDD-61B88A8773DC} = {CA9AC87F-097E-4F15-8393-4BC07735A5B0}
		{B88561D6-02A4-4138-AE16-161B80F32206} = {A557D922-FC5A-424D-BC90-42CD293DB79C}
		{8B38E857-59CA-446E-8E46-EAD98567E96E} = {25EA463A-93D0-428E-8C86-838779199B9C}
		{2B031F5C-93EC-4222-93F4-4505B29CAB81} = {CA9AC87F-097E-4F15-8393-4BC07735A5B0}
		{DE74000F-A442-4A12-990F-C806C75BCA62} = {CA9AC87F-097E-4F15-8393-4BC07735A5B0}
		{241584E4-5815-4627-AE1D-D638644D4FDF} = {8C44E9D9-768E-4EB5-B305-40061382363E}
		{282E56D8-F940-40F9-B1DA-C9323974701D} = {495944F0-A2C2-4CD9-8462-E84C3BD041B4}
		{A2B1DBAD-A5A6-46D5-83E7-1E1E3038A9B1} = {495944F0-A2C2-4CD9-8462-E84C3BD041B4}
		{D1797A7A-B331-4E99-B8E2-19549D7F8DDC} = {495944F0-A2C2-4CD9-8462-E84C3BD041B4}
		{96C8E0D7-13D2-4E2D-A6FD-AD6FA7514C23} = {495944F0-A2C2-4CD9-8462-E84C3BD041B4}
		{6B7D3C08-1F68-453F-B11B-BACE871533F6} = {495944F0-A2C2-4CD9-8462-E84C3BD041B4}
		{FE3C9776-ACEA-45CF-8CF2-D395C20897B0} = {A557D922-FC5A-424D-BC90-42CD293DB79C}
		{6B2C8A73-D8ED-46E5-A14C-3276B84599FB} = {A557D922-FC5A-424D-BC90-42CD293DB79C}
		{7833D720-1851-4249-9401-60C35AEF6D7C} = {CA9AC87F-097E-4F15-8393-4BC07735A5B0}
		{61FED06D-F59A-43DF-A281-359CC40B4B66} = {A557D922-FC5A-424D-BC90-42CD293DB79C}
		{0EF83C10-07A9-476D-B922-ECBC689F0972} = {495944F0-A2C2-4CD9-8462-E84C3BD041B4}
	EndGlobalSection
	GlobalSection(ExtensibilityGlobals) = postSolution
		SolutionGuid = {28315BFD-90E7-4E14-A2EA-F3D23AF4126F}
	EndGlobalSection
EndGlobal
