
Microsoft Visual Studio Solution File, Format Version 12.00
# Visual Studio Version 17
VisualStudioVersion = 17.4.33213.308
MinimumVisualStudioVersion = 10.0.40219.1
Project("{FAE04EC0-301F-11D3-BF4B-00C04F79EFBC}") = "YANLib", "YANLib\YANLib.csproj", "{C6499F66-500C-4610-BE39-70FB86BB227D}"
EndProject
Global
	GlobalSection(SolutionConfigurationPlatforms) = preSolution
		Debug|Any CPU = Debug|Any CPU
		Release|Any CPU = Release|Any CPU
	EndGlobalSection
	GlobalSection(ProjectConfigurationPlatforms) = postSolution
		{C6499F66-500C-4610-BE39-70FB86BB227D}.Debug|Any CPU.ActiveCfg = Debug|Any CPU
		{C6499F66-500C-4610-BE39-70FB86BB227D}.Debug|Any CPU.Build.0 = Debug|Any CPU
		{C6499F66-500C-4610-BE39-70FB86BB227D}.Release|Any CPU.ActiveCfg = Release|Any CPU
		{C6499F66-500C-4610-BE39-70FB86BB227D}.Release|Any CPU.Build.0 = Release|Any CPU
	EndGlobalSection
	GlobalSection(SolutionProperties) = preSolution
		HideSolutionNode = FALSE
	EndGlobalSection
	GlobalSection(ExtensibilityGlobals) = postSolution
		SolutionGuid = {C34C1B78-0F19-43CA-AFC3-775009BECF67}
	EndGlobalSection
EndGlobal
